// !$*UTF8*$!
{
	archiveVersion = 1;
	classes = {
	};
	objectVersion = 46;
	objects = {

/* Begin PBXBuildFile section */
		1E62DFD51B6CD84900A0B893 /* AppDelegate.swift in Sources */ = {isa = PBXBuildFile; fileRef = 1E62DFD41B6CD84900A0B893 /* AppDelegate.swift */; };
		1E62DFD71B6CD84900A0B893 /* ViewController.swift in Sources */ = {isa = PBXBuildFile; fileRef = 1E62DFD61B6CD84900A0B893 /* ViewController.swift */; };
		1E62DFDC1B6CD84900A0B893 /* Images.xcassets in Resources */ = {isa = PBXBuildFile; fileRef = 1E62DFDB1B6CD84900A0B893 /* Images.xcassets */; };
		1E62DFDF1B6CD84900A0B893 /* LaunchScreen.xib in Resources */ = {isa = PBXBuildFile; fileRef = 1E62DFDD1B6CD84900A0B893 /* LaunchScreen.xib */; };
		1E62DFEB1B6CD84900A0B893 /* SWSwiftTests.swift in Sources */ = {isa = PBXBuildFile; fileRef = 1E62DFEA1B6CD84900A0B893 /* SWSwiftTests.swift */; };
		1E62DFF71B6CDA3000A0B893 /* RADTestClass.m in Sources */ = {isa = PBXBuildFile; fileRef = 1E62DFF61B6CDA3000A0B893 /* RADTestClass.m */; };
		1E62DFFB1B6CDA7A00A0B893 /* CafPlayer.m in Sources */ = {isa = PBXBuildFile; fileRef = 1E62DFFA1B6CDA7A00A0B893 /* CafPlayer.m */; };
		1E62DFFE1B6CDAC100A0B893 /* RADCafPlayerSw.swift in Sources */ = {isa = PBXBuildFile; fileRef = 1E62DFFD1B6CDAC100A0B893 /* RADCafPlayerSw.swift */; };
		1E62E0001B6CDB2700A0B893 /* Config.swift in Sources */ = {isa = PBXBuildFile; fileRef = 1E62DFFF1B6CDB2700A0B893 /* Config.swift */; };
		1E62E0121B6CDBBA00A0B893 /* c3po.caf in Resources */ = {isa = PBXBuildFile; fileRef = 1E62E0021B6CDBBA00A0B893 /* c3po.caf */; };
		1E62E0131B6CDBBA00A0B893 /* chewbacca.caf in Resources */ = {isa = PBXBuildFile; fileRef = 1E62E0031B6CDBBA00A0B893 /* chewbacca.caf */; };
		1E62E0141B6CDBBA00A0B893 /* palpatine.caf in Resources */ = {isa = PBXBuildFile; fileRef = 1E62E0041B6CDBBA00A0B893 /* palpatine.caf */; };
		1E62E0151B6CDBBA00A0B893 /* r2-d2.caf in Resources */ = {isa = PBXBuildFile; fileRef = 1E62E0051B6CDBBA00A0B893 /* r2-d2.caf */; };
		1E62E0161B6CDBBA00A0B893 /* tarkin.caf in Resources */ = {isa = PBXBuildFile; fileRef = 1E62E0061B6CDBBA00A0B893 /* tarkin.caf */; };
		1E62E0171B6CDBBA00A0B893 /* vader.caf in Resources */ = {isa = PBXBuildFile; fileRef = 1E62E0071B6CDBBA00A0B893 /* vader.caf */; };
		1E62E0181B6CDBBA00A0B893 /* yoda.caf in Resources */ = {isa = PBXBuildFile; fileRef = 1E62E0081B6CDBBA00A0B893 /* yoda.caf */; };
		1E62E0191B6CDBBA00A0B893 /* c3po.jpg in Resources */ = {isa = PBXBuildFile; fileRef = 1E62E0091B6CDBBA00A0B893 /* c3po.jpg */; };
		1E62E01A1B6CDBBA00A0B893 /* chewbacca.jpg in Resources */ = {isa = PBXBuildFile; fileRef = 1E62E00A1B6CDBBA00A0B893 /* chewbacca.jpg */; };
		1E62E01B1B6CDBBA00A0B893 /* darthVader.jpg in Resources */ = {isa = PBXBuildFile; fileRef = 1E62E00B1B6CDBBA00A0B893 /* darthVader.jpg */; };
		1E62E01C1B6CDBBA00A0B893 /* palpatine.jpg in Resources */ = {isa = PBXBuildFile; fileRef = 1E62E00C1B6CDBBA00A0B893 /* palpatine.jpg */; };
		1E62E01D1B6CDBBA00A0B893 /* R2-D2.jpg in Resources */ = {isa = PBXBuildFile; fileRef = 1E62E00D1B6CDBBA00A0B893 /* R2-D2.jpg */; };
		1E62E01E1B6CDBBA00A0B893 /* tarkin.jpg in Resources */ = {isa = PBXBuildFile; fileRef = 1E62E00E1B6CDBBA00A0B893 /* tarkin.jpg */; };
		1E62E01F1B6CDBBA00A0B893 /* yoda.jpg in Resources */ = {isa = PBXBuildFile; fileRef = 1E62E00F1B6CDBBA00A0B893 /* yoda.jpg */; };
		1E62E0231B6CDBF900A0B893 /* RADSwChar.swift in Sources */ = {isa = PBXBuildFile; fileRef = 1E62E0221B6CDBF900A0B893 /* RADSwChar.swift */; };
		1E62E0261B6CDC3300A0B893 /* RADSwUniv.swift in Sources */ = {isa = PBXBuildFile; fileRef = 1E62E0251B6CDC3300A0B893 /* RADSwUniv.swift */; };
		1E62E0291B6CE1FD00A0B893 /* RadCharViewController.swift in Sources */ = {isa = PBXBuildFile; fileRef = 1E62E0271B6CE1FD00A0B893 /* RadCharViewController.swift */; };
		1E62E0311B6CE3CE00A0B893 /* RADUnivTableViewController.swift in Sources */ = {isa = PBXBuildFile; fileRef = 1E62E0301B6CE3CE00A0B893 /* RADUnivTableViewController.swift */; };
		1E62E0341B6CE58800A0B893 /* RADWikiViewController.swift in Sources */ = {isa = PBXBuildFile; fileRef = 1E62E0321B6CE58800A0B893 /* RADWikiViewController.swift */; };
		1E62E0351B6CE58800A0B893 /* RADWikiViewController.xib in Resources */ = {isa = PBXBuildFile; fileRef = 1E62E0331B6CE58800A0B893 /* RADWikiViewController.xib */; };
		1E62E0371B6CE81600A0B893 /* RADCharViewController.xib in Resources */ = {isa = PBXBuildFile; fileRef = 1E62E0361B6CE81600A0B893 /* RADCharViewController.xib */; };
		1E62E03A1B6D0FCF00A0B893 /* icon.png in Resources */ = {isa = PBXBuildFile; fileRef = 1E62E0381B6D0FCF00A0B893 /* icon.png */; };
		1E62E03B1B6D0FCF00A0B893 /* iconSmall.png in Resources */ = {isa = PBXBuildFile; fileRef = 1E62E0391B6D0FCF00A0B893 /* iconSmall.png */; };
/* End PBXBuildFile section */

/* Begin PBXContainerItemProxy section */
		1E62DFE51B6CD84900A0B893 /* PBXContainerItemProxy */ = {
			isa = PBXContainerItemProxy;
			containerPortal = 1E62DFC71B6CD84900A0B893 /* Project object */;
			proxyType = 1;
			remoteGlobalIDString = 1E62DFCE1B6CD84900A0B893;
			remoteInfo = SWSwift;
		};
/* End PBXContainerItemProxy section */

/* Begin PBXFileReference section */
		1E62DFCF1B6CD84900A0B893 /* SWSwift.app */ = {isa = PBXFileReference; explicitFileType = wrapper.application; includeInIndex = 0; path = SWSwift.app; sourceTree = BUILT_PRODUCTS_DIR; };
		1E62DFD31B6CD84900A0B893 /* Info.plist */ = {isa = PBXFileReference; lastKnownFileType = text.plist.xml; path = Info.plist; sourceTree = "<group>"; };
		1E62DFD41B6CD84900A0B893 /* AppDelegate.swift */ = {isa = PBXFileReference; lastKnownFileType = sourcecode.swift; path = AppDelegate.swift; sourceTree = "<group>"; };
		1E62DFD61B6CD84900A0B893 /* ViewController.swift */ = {isa = PBXFileReference; lastKnownFileType = sourcecode.swift; path = ViewController.swift; sourceTree = "<group>"; };
		1E62DFDB1B6CD84900A0B893 /* Images.xcassets */ = {isa = PBXFileReference; lastKnownFileType = folder.assetcatalog; path = Images.xcassets; sourceTree = "<group>"; };
		1E62DFDE1B6CD84900A0B893 /* Base */ = {isa = PBXFileReference; lastKnownFileType = file.xib; name = Base; path = Base.lproj/LaunchScreen.xib; sourceTree = "<group>"; };
		1E62DFE41B6CD84900A0B893 /* SWSwiftTests.xctest */ = {isa = PBXFileReference; explicitFileType = wrapper.cfbundle; includeInIndex = 0; path = SWSwiftTests.xctest; sourceTree = BUILT_PRODUCTS_DIR; };
		1E62DFE91B6CD84900A0B893 /* Info.plist */ = {isa = PBXFileReference; lastKnownFileType = text.plist.xml; path = Info.plist; sourceTree = "<group>"; };
		1E62DFEA1B6CD84900A0B893 /* SWSwiftTests.swift */ = {isa = PBXFileReference; lastKnownFileType = sourcecode.swift; path = SWSwiftTests.swift; sourceTree = "<group>"; };
		1E62DFF41B6CDA3000A0B893 /* SWSwift-Bridging-Header.h */ = {isa = PBXFileReference; lastKnownFileType = sourcecode.c.h; path = "SWSwift-Bridging-Header.h"; sourceTree = "<group>"; };
		1E62DFF51B6CDA3000A0B893 /* RADTestClass.h */ = {isa = PBXFileReference; fileEncoding = 4; lastKnownFileType = sourcecode.c.h; path = RADTestClass.h; sourceTree = "<group>"; };
		1E62DFF61B6CDA3000A0B893 /* RADTestClass.m */ = {isa = PBXFileReference; fileEncoding = 4; lastKnownFileType = sourcecode.c.objc; path = RADTestClass.m; sourceTree = "<group>"; };
		1E62DFF91B6CDA7A00A0B893 /* CafPlayer.h */ = {isa = PBXFileReference; fileEncoding = 4; lastKnownFileType = sourcecode.c.h; path = CafPlayer.h; sourceTree = "<group>"; };
		1E62DFFA1B6CDA7A00A0B893 /* CafPlayer.m */ = {isa = PBXFileReference; fileEncoding = 4; lastKnownFileType = sourcecode.c.objc; path = CafPlayer.m; sourceTree = "<group>"; };
		1E62DFFD1B6CDAC100A0B893 /* RADCafPlayerSw.swift */ = {isa = PBXFileReference; fileEncoding = 4; lastKnownFileType = sourcecode.swift; path = RADCafPlayerSw.swift; sourceTree = "<group>"; };
		1E62DFFF1B6CDB2700A0B893 /* Config.swift */ = {isa = PBXFileReference; fileEncoding = 4; lastKnownFileType = sourcecode.swift; path = Config.swift; sourceTree = "<group>"; };
		1E62E0021B6CDBBA00A0B893 /* c3po.caf */ = {isa = PBXFileReference; lastKnownFileType = file; path = c3po.caf; sourceTree = "<group>"; };
		1E62E0031B6CDBBA00A0B893 /* chewbacca.caf */ = {isa = PBXFileReference; lastKnownFileType = file; path = chewbacca.caf; sourceTree = "<group>"; };
		1E62E0041B6CDBBA00A0B893 /* palpatine.caf */ = {isa = PBXFileReference; lastKnownFileType = file; path = palpatine.caf; sourceTree = "<group>"; };
		1E62E0051B6CDBBA00A0B893 /* r2-d2.caf */ = {isa = PBXFileReference; lastKnownFileType = file; path = "r2-d2.caf"; sourceTree = "<group>"; };
		1E62E0061B6CDBBA00A0B893 /* tarkin.caf */ = {isa = PBXFileReference; lastKnownFileType = file; path = tarkin.caf; sourceTree = "<group>"; };
		1E62E0071B6CDBBA00A0B893 /* vader.caf */ = {isa = PBXFileReference; lastKnownFileType = file; path = vader.caf; sourceTree = "<group>"; };
		1E62E0081B6CDBBA00A0B893 /* yoda.caf */ = {isa = PBXFileReference; lastKnownFileType = file; path = yoda.caf; sourceTree = "<group>"; };
		1E62E0091B6CDBBA00A0B893 /* c3po.jpg */ = {isa = PBXFileReference; lastKnownFileType = image.jpeg; path = c3po.jpg; sourceTree = "<group>"; };
		1E62E00A1B6CDBBA00A0B893 /* chewbacca.jpg */ = {isa = PBXFileReference; lastKnownFileType = image.jpeg; path = chewbacca.jpg; sourceTree = "<group>"; };
		1E62E00B1B6CDBBA00A0B893 /* darthVader.jpg */ = {isa = PBXFileReference; lastKnownFileType = image.jpeg; path = darthVader.jpg; sourceTree = "<group>"; };
		1E62E00C1B6CDBBA00A0B893 /* palpatine.jpg */ = {isa = PBXFileReference; lastKnownFileType = image.jpeg; path = palpatine.jpg; sourceTree = "<group>"; };
		1E62E00D1B6CDBBA00A0B893 /* R2-D2.jpg */ = {isa = PBXFileReference; lastKnownFileType = image.jpeg; path = "R2-D2.jpg"; sourceTree = "<group>"; };
		1E62E00E1B6CDBBA00A0B893 /* tarkin.jpg */ = {isa = PBXFileReference; lastKnownFileType = image.jpeg; path = tarkin.jpg; sourceTree = "<group>"; };
		1E62E00F1B6CDBBA00A0B893 /* yoda.jpg */ = {isa = PBXFileReference; lastKnownFileType = image.jpeg; path = yoda.jpg; sourceTree = "<group>"; };
		1E62E0221B6CDBF900A0B893 /* RADSwChar.swift */ = {isa = PBXFileReference; fileEncoding = 4; lastKnownFileType = sourcecode.swift; path = RADSwChar.swift; sourceTree = "<group>"; };
		1E62E0251B6CDC3300A0B893 /* RADSwUniv.swift */ = {isa = PBXFileReference; fileEncoding = 4; lastKnownFileType = sourcecode.swift; path = RADSwUniv.swift; sourceTree = "<group>"; };
		1E62E0271B6CE1FD00A0B893 /* RadCharViewController.swift */ = {isa = PBXFileReference; fileEncoding = 4; lastKnownFileType = sourcecode.swift; path = RadCharViewController.swift; sourceTree = "<group>"; };
		1E62E0301B6CE3CE00A0B893 /* RADUnivTableViewController.swift */ = {isa = PBXFileReference; fileEncoding = 4; lastKnownFileType = sourcecode.swift; path = RADUnivTableViewController.swift; sourceTree = "<group>"; };
		1E62E0321B6CE58800A0B893 /* RADWikiViewController.swift */ = {isa = PBXFileReference; fileEncoding = 4; lastKnownFileType = sourcecode.swift; path = RADWikiViewController.swift; sourceTree = "<group>"; };
		1E62E0331B6CE58800A0B893 /* RADWikiViewController.xib */ = {isa = PBXFileReference; fileEncoding = 4; lastKnownFileType = file.xib; path = RADWikiViewController.xib; sourceTree = "<group>"; };
		1E62E0361B6CE81600A0B893 /* RADCharViewController.xib */ = {isa = PBXFileReference; fileEncoding = 4; lastKnownFileType = file.xib; path = RADCharViewController.xib; sourceTree = "<group>"; };
		1E62E0381B6D0FCF00A0B893 /* icon.png */ = {isa = PBXFileReference; lastKnownFileType = image.png; path = icon.png; sourceTree = "<group>"; };
		1E62E0391B6D0FCF00A0B893 /* iconSmall.png */ = {isa = PBXFileReference; lastKnownFileType = image.png; path = iconSmall.png; sourceTree = "<group>"; };
/* End PBXFileReference section */

/* Begin PBXFrameworksBuildPhase section */
		1E62DFCC1B6CD84900A0B893 /* Frameworks */ = {
			isa = PBXFrameworksBuildPhase;
			buildActionMask = 2147483647;
			files = (
			);
			runOnlyForDeploymentPostprocessing = 0;
		};
		1E62DFE11B6CD84900A0B893 /* Frameworks */ = {
			isa = PBXFrameworksBuildPhase;
			buildActionMask = 2147483647;
			files = (
			);
			runOnlyForDeploymentPostprocessing = 0;
		};
/* End PBXFrameworksBuildPhase section */

/* Begin PBXGroup section */
		1E62DFC61B6CD84900A0B893 = {
			isa = PBXGroup;
			children = (
				1E62DFF81B6CDA3700A0B893 /* Classess */,
				1E62DFD11B6CD84900A0B893 /* SWSwift */,
				1E62DFE71B6CD84900A0B893 /* SWSwiftTests */,
				1E62DFD01B6CD84900A0B893 /* Products */,
				1E62DFF41B6CDA3000A0B893 /* SWSwift-Bridging-Header.h */,
			);
			sourceTree = "<group>";
		};
		1E62DFD01B6CD84900A0B893 /* Products */ = {
			isa = PBXGroup;
			children = (
				1E62DFCF1B6CD84900A0B893 /* SWSwift.app */,
				1E62DFE41B6CD84900A0B893 /* SWSwiftTests.xctest */,
			);
			name = Products;
			sourceTree = "<group>";
		};
		1E62DFD11B6CD84900A0B893 /* SWSwift */ = {
			isa = PBXGroup;
			children = (
				1E62E0011B6CDBA600A0B893 /* Resources */,
				1E62DFFC1B6CDA8500A0B893 /* ExtraLibs */,
				1E62DFD41B6CD84900A0B893 /* AppDelegate.swift */,
				1E62DFD61B6CD84900A0B893 /* ViewController.swift */,
				1E62DFDB1B6CD84900A0B893 /* Images.xcassets */,
				1E62DFDD1B6CD84900A0B893 /* LaunchScreen.xib */,
				1E62DFD21B6CD84900A0B893 /* Supporting Files */,
				1E62DFFF1B6CDB2700A0B893 /* Config.swift */,
				1E62E0241B6CDBFD00A0B893 /* Model */,
				1E62E02B1B6CE20200A0B893 /* Controllers */,
			);
			path = SWSwift;
			sourceTree = "<group>";
		};
		1E62DFD21B6CD84900A0B893 /* Supporting Files */ = {
			isa = PBXGroup;
			children = (
				1E62DFD31B6CD84900A0B893 /* Info.plist */,
			);
			name = "Supporting Files";
			sourceTree = "<group>";
		};
		1E62DFE71B6CD84900A0B893 /* SWSwiftTests */ = {
			isa = PBXGroup;
			children = (
				1E62DFEA1B6CD84900A0B893 /* SWSwiftTests.swift */,
				1E62DFE81B6CD84900A0B893 /* Supporting Files */,
			);
			path = SWSwiftTests;
			sourceTree = "<group>";
		};
		1E62DFE81B6CD84900A0B893 /* Supporting Files */ = {
			isa = PBXGroup;
			children = (
				1E62DFE91B6CD84900A0B893 /* Info.plist */,
			);
			name = "Supporting Files";
			sourceTree = "<group>";
		};
		1E62DFF81B6CDA3700A0B893 /* Classess */ = {
			isa = PBXGroup;
			children = (
				1E62DFF51B6CDA3000A0B893 /* RADTestClass.h */,
				1E62DFF61B6CDA3000A0B893 /* RADTestClass.m */,
			);
			name = Classess;
			sourceTree = "<group>";
		};
		1E62DFFC1B6CDA8500A0B893 /* ExtraLibs */ = {
			isa = PBXGroup;
			children = (
				1E62DFF91B6CDA7A00A0B893 /* CafPlayer.h */,
				1E62DFFA1B6CDA7A00A0B893 /* CafPlayer.m */,
				1E62DFFD1B6CDAC100A0B893 /* RADCafPlayerSw.swift */,
			);
			name = ExtraLibs;
			sourceTree = "<group>";
		};
		1E62E0011B6CDBA600A0B893 /* Resources */ = {
			isa = PBXGroup;
			children = (
				1E62E0381B6D0FCF00A0B893 /* icon.png */,
				1E62E0391B6D0FCF00A0B893 /* iconSmall.png */,
				1E62E0021B6CDBBA00A0B893 /* c3po.caf */,
				1E62E0031B6CDBBA00A0B893 /* chewbacca.caf */,
				1E62E0041B6CDBBA00A0B893 /* palpatine.caf */,
				1E62E0051B6CDBBA00A0B893 /* r2-d2.caf */,
				1E62E0061B6CDBBA00A0B893 /* tarkin.caf */,
				1E62E0071B6CDBBA00A0B893 /* vader.caf */,
				1E62E0081B6CDBBA00A0B893 /* yoda.caf */,
				1E62E0091B6CDBBA00A0B893 /* c3po.jpg */,
				1E62E00A1B6CDBBA00A0B893 /* chewbacca.jpg */,
				1E62E00B1B6CDBBA00A0B893 /* darthVader.jpg */,
				1E62E00C1B6CDBBA00A0B893 /* palpatine.jpg */,
				1E62E00D1B6CDBBA00A0B893 /* R2-D2.jpg */,
				1E62E00E1B6CDBBA00A0B893 /* tarkin.jpg */,
				1E62E00F1B6CDBBA00A0B893 /* yoda.jpg */,
			);
			name = Resources;
			sourceTree = "<group>";
		};
		1E62E0241B6CDBFD00A0B893 /* Model */ = {
			isa = PBXGroup;
			children = (
				1E62E0221B6CDBF900A0B893 /* RADSwChar.swift */,
				1E62E0251B6CDC3300A0B893 /* RADSwUniv.swift */,
			);
			name = Model;
			sourceTree = "<group>";
		};
		1E62E02B1B6CE20200A0B893 /* Controllers */ = {
			isa = PBXGroup;
			children = (
				1E62E0271B6CE1FD00A0B893 /* RadCharViewController.swift */,
				1E62E0301B6CE3CE00A0B893 /* RADUnivTableViewController.swift */,
				1E62E0321B6CE58800A0B893 /* RADWikiViewController.swift */,
				1E62E0331B6CE58800A0B893 /* RADWikiViewController.xib */,
				1E62E0361B6CE81600A0B893 /* RADCharViewController.xib */,
			);
			name = Controllers;
			sourceTree = "<group>";
		};
/* End PBXGroup section */

/* Begin PBXNativeTarget section */
		1E62DFCE1B6CD84900A0B893 /* SWSwift */ = {
			isa = PBXNativeTarget;
			buildConfigurationList = 1E62DFEE1B6CD84900A0B893 /* Build configuration list for PBXNativeTarget "SWSwift" */;
			buildPhases = (
				1E62DFCB1B6CD84900A0B893 /* Sources */,
				1E62DFCC1B6CD84900A0B893 /* Frameworks */,
				1E62DFCD1B6CD84900A0B893 /* Resources */,
			);
			buildRules = (
			);
			dependencies = (
			);
			name = SWSwift;
			productName = SWSwift;
			productReference = 1E62DFCF1B6CD84900A0B893 /* SWSwift.app */;
			productType = "com.apple.product-type.application";
		};
		1E62DFE31B6CD84900A0B893 /* SWSwiftTests */ = {
			isa = PBXNativeTarget;
			buildConfigurationList = 1E62DFF11B6CD84900A0B893 /* Build configuration list for PBXNativeTarget "SWSwiftTests" */;
			buildPhases = (
				1E62DFE01B6CD84900A0B893 /* Sources */,
				1E62DFE11B6CD84900A0B893 /* Frameworks */,
				1E62DFE21B6CD84900A0B893 /* Resources */,
			);
			buildRules = (
			);
			dependencies = (
				1E62DFE61B6CD84900A0B893 /* PBXTargetDependency */,
			);
			name = SWSwiftTests;
			productName = SWSwiftTests;
			productReference = 1E62DFE41B6CD84900A0B893 /* SWSwiftTests.xctest */;
			productType = "com.apple.product-type.bundle.unit-test";
		};
/* End PBXNativeTarget section */

/* Begin PBXProject section */
		1E62DFC71B6CD84900A0B893 /* Project object */ = {
			isa = PBXProject;
			attributes = {
				LastUpgradeCheck = 0640;
				ORGANIZATIONNAME = Krainet;
				TargetAttributes = {
					1E62DFCE1B6CD84900A0B893 = {
						CreatedOnToolsVersion = 6.4;
					};
					1E62DFE31B6CD84900A0B893 = {
						CreatedOnToolsVersion = 6.4;
						TestTargetID = 1E62DFCE1B6CD84900A0B893;
					};
				};
			};
			buildConfigurationList = 1E62DFCA1B6CD84900A0B893 /* Build configuration list for PBXProject "SWSwift" */;
			compatibilityVersion = "Xcode 3.2";
			developmentRegion = English;
			hasScannedForEncodings = 0;
			knownRegions = (
				en,
				Base,
			);
			mainGroup = 1E62DFC61B6CD84900A0B893;
			productRefGroup = 1E62DFD01B6CD84900A0B893 /* Products */;
			projectDirPath = "";
			projectRoot = "";
			targets = (
				1E62DFCE1B6CD84900A0B893 /* SWSwift */,
				1E62DFE31B6CD84900A0B893 /* SWSwiftTests */,
			);
		};
/* End PBXProject section */

/* Begin PBXResourcesBuildPhase section */
		1E62DFCD1B6CD84900A0B893 /* Resources */ = {
			isa = PBXResourcesBuildPhase;
			buildActionMask = 2147483647;
			files = (
				1E62E01C1B6CDBBA00A0B893 /* palpatine.jpg in Resources */,
				1E62E01D1B6CDBBA00A0B893 /* R2-D2.jpg in Resources */,
				1E62E0181B6CDBBA00A0B893 /* yoda.caf in Resources */,
				1E62E0121B6CDBBA00A0B893 /* c3po.caf in Resources */,
				1E62E01F1B6CDBBA00A0B893 /* yoda.jpg in Resources */,
				1E62E01B1B6CDBBA00A0B893 /* darthVader.jpg in Resources */,
				1E62DFDF1B6CD84900A0B893 /* LaunchScreen.xib in Resources */,
				1E62E0151B6CDBBA00A0B893 /* r2-d2.caf in Resources */,
				1E62E0171B6CDBBA00A0B893 /* vader.caf in Resources */,
				1E62E0161B6CDBBA00A0B893 /* tarkin.caf in Resources */,
				1E62E03B1B6D0FCF00A0B893 /* iconSmall.png in Resources */,
				1E62E01A1B6CDBBA00A0B893 /* chewbacca.jpg in Resources */,
				1E62E0191B6CDBBA00A0B893 /* c3po.jpg in Resources */,
				1E62E03A1B6D0FCF00A0B893 /* icon.png in Resources */,
				1E62E0371B6CE81600A0B893 /* RADCharViewController.xib in Resources */,
				1E62E0131B6CDBBA00A0B893 /* chewbacca.caf in Resources */,
				1E62E0351B6CE58800A0B893 /* RADWikiViewController.xib in Resources */,
				1E62DFDC1B6CD84900A0B893 /* Images.xcassets in Resources */,
				1E62E0141B6CDBBA00A0B893 /* palpatine.caf in Resources */,
				1E62E01E1B6CDBBA00A0B893 /* tarkin.jpg in Resources */,
			);
			runOnlyForDeploymentPostprocessing = 0;
		};
		1E62DFE21B6CD84900A0B893 /* Resources */ = {
			isa = PBXResourcesBuildPhase;
			buildActionMask = 2147483647;
			files = (
			);
			runOnlyForDeploymentPostprocessing = 0;
		};
/* End PBXResourcesBuildPhase section */

/* Begin PBXSourcesBuildPhase section */
		1E62DFCB1B6CD84900A0B893 /* Sources */ = {
			isa = PBXSourcesBuildPhase;
			buildActionMask = 2147483647;
			files = (
				1E62DFD71B6CD84900A0B893 /* ViewController.swift in Sources */,
				1E62DFFE1B6CDAC100A0B893 /* RADCafPlayerSw.swift in Sources */,
				1E62E0341B6CE58800A0B893 /* RADWikiViewController.swift in Sources */,
				1E62DFFB1B6CDA7A00A0B893 /* CafPlayer.m in Sources */,
				1E62E0231B6CDBF900A0B893 /* RADSwChar.swift in Sources */,
				1E62E0291B6CE1FD00A0B893 /* RadCharViewController.swift in Sources */,
				1E62DFD51B6CD84900A0B893 /* AppDelegate.swift in Sources */,
				1E62E0261B6CDC3300A0B893 /* RADSwUniv.swift in Sources */,
				1E62DFF71B6CDA3000A0B893 /* RADTestClass.m in Sources */,
				1E62E0311B6CE3CE00A0B893 /* RADUnivTableViewController.swift in Sources */,
				1E62E0001B6CDB2700A0B893 /* Config.swift in Sources */,
			);
			runOnlyForDeploymentPostprocessing = 0;
		};
		1E62DFE01B6CD84900A0B893 /* Sources */ = {
			isa = PBXSourcesBuildPhase;
			buildActionMask = 2147483647;
			files = (
				1E62DFEB1B6CD84900A0B893 /* SWSwiftTests.swift in Sources */,
			);
			runOnlyForDeploymentPostprocessing = 0;
		};
/* End PBXSourcesBuildPhase section */

/* Begin PBXTargetDependency section */
		1E62DFE61B6CD84900A0B893 /* PBXTargetDependency */ = {
			isa = PBXTargetDependency;
			target = 1E62DFCE1B6CD84900A0B893 /* SWSwift */;
			targetProxy = 1E62DFE51B6CD84900A0B893 /* PBXContainerItemProxy */;
		};
/* End PBXTargetDependency section */

/* Begin PBXVariantGroup section */
		1E62DFDD1B6CD84900A0B893 /* LaunchScreen.xib */ = {
			isa = PBXVariantGroup;
			children = (
				1E62DFDE1B6CD84900A0B893 /* Base */,
			);
			name = LaunchScreen.xib;
			sourceTree = "<group>";
		};
/* End PBXVariantGroup section */

/* Begin XCBuildConfiguration section */
		1E62DFEC1B6CD84900A0B893 /* Debug */ = {
			isa = XCBuildConfiguration;
			buildSettings = {
				ALWAYS_SEARCH_USER_PATHS = NO;
				CLANG_CXX_LANGUAGE_STANDARD = "gnu++0x";
				CLANG_CXX_LIBRARY = "libc++";
				CLANG_ENABLE_MODULES = YES;
				CLANG_ENABLE_OBJC_ARC = YES;
				CLANG_WARN_BOOL_CONVERSION = YES;
				CLANG_WARN_CONSTANT_CONVERSION = YES;
				CLANG_WARN_DIRECT_OBJC_ISA_USAGE = YES_ERROR;
				CLANG_WARN_EMPTY_BODY = YES;
				CLANG_WARN_ENUM_CONVERSION = YES;
				CLANG_WARN_INT_CONVERSION = YES;
				CLANG_WARN_OBJC_ROOT_CLASS = YES_ERROR;
				CLANG_WARN_UNREACHABLE_CODE = YES;
				CLANG_WARN__DUPLICATE_METHOD_MATCH = YES;
				"CODE_SIGN_IDENTITY[sdk=iphoneos*]" = "iPhone Developer";
				COPY_PHASE_STRIP = NO;
				DEBUG_INFORMATION_FORMAT = "dwarf-with-dsym";
				ENABLE_STRICT_OBJC_MSGSEND = YES;
				GCC_C_LANGUAGE_STANDARD = gnu99;
				GCC_DYNAMIC_NO_PIC = NO;
				GCC_NO_COMMON_BLOCKS = YES;
				GCC_OPTIMIZATION_LEVEL = 0;
				GCC_PREPROCESSOR_DEFINITIONS = (
					"DEBUG=1",
					"$(inherited)",
				);
				GCC_SYMBOLS_PRIVATE_EXTERN = NO;
				GCC_WARN_64_TO_32_BIT_CONVERSION = YES;
				GCC_WARN_ABOUT_RETURN_TYPE = YES_ERROR;
				GCC_WARN_UNDECLARED_SELECTOR = YES;
				GCC_WARN_UNINITIALIZED_AUTOS = YES_AGGRESSIVE;
				GCC_WARN_UNUSED_FUNCTION = YES;
				GCC_WARN_UNUSED_VARIABLE = YES;
				IPHONEOS_DEPLOYMENT_TARGET = 8.4;
				MTL_ENABLE_DEBUG_INFO = YES;
				ONLY_ACTIVE_ARCH = YES;
				SDKROOT = iphoneos;
				SWIFT_OPTIMIZATION_LEVEL = "-Onone";
			};
			name = Debug;
		};
		1E62DFED1B6CD84900A0B893 /* Release */ = {
			isa = XCBuildConfiguration;
			buildSettings = {
				ALWAYS_SEARCH_USER_PATHS = NO;
				CLANG_CXX_LANGUAGE_STANDARD = "gnu++0x";
				CLANG_CXX_LIBRARY = "libc++";
				CLANG_ENABLE_MODULES = YES;
				CLANG_ENABLE_OBJC_ARC = YES;
				CLANG_WARN_BOOL_CONVERSION = YES;
				CLANG_WARN_CONSTANT_CONVERSION = YES;
				CLANG_WARN_DIRECT_OBJC_ISA_USAGE = YES_ERROR;
				CLANG_WARN_EMPTY_BODY = YES;
				CLANG_WARN_ENUM_CONVERSION = YES;
				CLANG_WARN_INT_CONVERSION = YES;
				CLANG_WARN_OBJC_ROOT_CLASS = YES_ERROR;
				CLANG_WARN_UNREACHABLE_CODE = YES;
				CLANG_WARN__DUPLICATE_METHOD_MATCH = YES;
				"CODE_SIGN_IDENTITY[sdk=iphoneos*]" = "iPhone Developer";
				COPY_PHASE_STRIP = NO;
				DEBUG_INFORMATION_FORMAT = "dwarf-with-dsym";
				ENABLE_NS_ASSERTIONS = NO;
				ENABLE_STRICT_OBJC_MSGSEND = YES;
				GCC_C_LANGUAGE_STANDARD = gnu99;
				GCC_NO_COMMON_BLOCKS = YES;
				GCC_WARN_64_TO_32_BIT_CONVERSION = YES;
				GCC_WARN_ABOUT_RETURN_TYPE = YES_ERROR;
				GCC_WARN_UNDECLARED_SELECTOR = YES;
				GCC_WARN_UNINITIALIZED_AUTOS = YES_AGGRESSIVE;
				GCC_WARN_UNUSED_FUNCTION = YES;
				GCC_WARN_UNUSED_VARIABLE = YES;
				IPHONEOS_DEPLOYMENT_TARGET = 8.4;
				MTL_ENABLE_DEBUG_INFO = NO;
				SDKROOT = iphoneos;
				VALIDATE_PRODUCT = YES;
			};
			name = Release;
		};
		1E62DFEF1B6CD84900A0B893 /* Debug */ = {
			isa = XCBuildConfiguration;
			buildSettings = {
				ASSETCATALOG_COMPILER_APPICON_NAME = AppIcon;
				CLANG_ENABLE_MODULES = YES;
				INFOPLIST_FILE = SWSwift/Info.plist;
				LD_RUNPATH_SEARCH_PATHS = "$(inherited) @executable_path/Frameworks";
				PRODUCT_NAME = "$(TARGET_NAME)";
				SWIFT_OBJC_BRIDGING_HEADER = "SWSwift-Bridging-Header.h";
				SWIFT_OPTIMIZATION_LEVEL = "-Onone";
			};
			name = Debug;
		};
		1E62DFF01B6CD84900A0B893 /* Release */ = {
			isa = XCBuildConfiguration;
			buildSettings = {
				ASSETCATALOG_COMPILER_APPICON_NAME = AppIcon;
				CLANG_ENABLE_MODULES = YES;
				INFOPLIST_FILE = SWSwift/Info.plist;
				LD_RUNPATH_SEARCH_PATHS = "$(inherited) @executable_path/Frameworks";
				PRODUCT_NAME = "$(TARGET_NAME)";
				SWIFT_OBJC_BRIDGING_HEADER = "SWSwift-Bridging-Header.h";
			};
			name = Release;
		};
		1E62DFF21B6CD84900A0B893 /* Debug */ = {
			isa = XCBuildConfiguration;
			buildSettings = {
				BUNDLE_LOADER = "$(TEST_HOST)";
				FRAMEWORK_SEARCH_PATHS = (
					"$(SDKROOT)/Developer/Library/Frameworks",
					"$(inherited)",
				);
				GCC_PREPROCESSOR_DEFINITIONS = (
					"DEBUG=1",
					"$(inherited)",
				);
				INFOPLIST_FILE = SWSwiftTests/Info.plist;
				LD_RUNPATH_SEARCH_PATHS = "$(inherited) @executable_path/Frameworks @loader_path/Frameworks";
				PRODUCT_NAME = "$(TARGET_NAME)";
				TEST_HOST = "$(BUILT_PRODUCTS_DIR)/SWSwift.app/SWSwift";
			};
			name = Debug;
		};
		1E62DFF31B6CD84900A0B893 /* Release */ = {
			isa = XCBuildConfiguration;
			buildSettings = {
				BUNDLE_LOADER = "$(TEST_HOST)";
				FRAMEWORK_SEARCH_PATHS = (
					"$(SDKROOT)/Developer/Library/Frameworks",
					"$(inherited)",
				);
				INFOPLIST_FILE = SWSwiftTests/Info.plist;
				LD_RUNPATH_SEARCH_PATHS = "$(inherited) @executable_path/Frameworks @loader_path/Frameworks";
				PRODUCT_NAME = "$(TARGET_NAME)";
				TEST_HOST = "$(BUILT_PRODUCTS_DIR)/SWSwift.app/SWSwift";
			};
			name = Release;
		};
/* End XCBuildConfiguration section */

/* Begin XCConfigurationList section */
		1E62DFCA1B6CD84900A0B893 /* Build configuration list for PBXProject "SWSwift" */ = {
			isa = XCConfigurationList;
			buildConfigurations = (
				1E62DFEC1B6CD84900A0B893 /* Debug */,
				1E62DFED1B6CD84900A0B893 /* Release */,
			);
			defaultConfigurationIsVisible = 0;
			defaultConfigurationName = Release;
		};
		1E62DFEE1B6CD84900A0B893 /* Build configuration list for PBXNativeTarget "SWSwift" */ = {
			isa = XCConfigurationList;
			buildConfigurations = (
				1E62DFEF1B6CD84900A0B893 /* Debug */,
				1E62DFF01B6CD84900A0B893 /* Release */,
			);
			defaultConfigurationIsVisible = 0;
		};
		1E62DFF11B6CD84900A0B893 /* Build configuration list for PBXNativeTarget "SWSwiftTests" */ = {
			isa = XCConfigurationList;
			buildConfigurations = (
				1E62DFF21B6CD84900A0B893 /* Debug */,
				1E62DFF31B6CD84900A0B893 /* Release */,
			);
			defaultConfigurationIsVisible = 0;
		};
/* End XCConfigurationList section */
	};
	rootObject = 1E62DFC71B6CD84900A0B893 /* Project object */;
}
